// !$*UTF8*$!
{
	archiveVersion = 1;
	classes = {
	};
	objectVersion = 46;
	objects = {

/* Begin PBXBuildFile section */
		0214354B1998B79500098370 /* HCYoutubeParser.m in Sources */ = {isa = PBXBuildFile; fileRef = 0214354A1998B79500098370 /* HCYoutubeParser.m */; };
		8B06F7A61978914B00C9CFED /* Icon-60.png in Resources */ = {isa = PBXBuildFile; fileRef = 8B06F7961978914B00C9CFED /* Icon-60.png */; };
		8B06F7A71978914B00C9CFED /* Icon-60@2x.png in Resources */ = {isa = PBXBuildFile; fileRef = 8B06F7971978914B00C9CFED /* Icon-60@2x.png */; };
		8B06F7A81978914B00C9CFED /* Icon-72.png in Resources */ = {isa = PBXBuildFile; fileRef = 8B06F7981978914B00C9CFED /* Icon-72.png */; };
		8B06F7A91978914B00C9CFED /* Icon-72@2x.png in Resources */ = {isa = PBXBuildFile; fileRef = 8B06F7991978914B00C9CFED /* Icon-72@2x.png */; };
		8B06F7AA1978914B00C9CFED /* Icon-76.png in Resources */ = {isa = PBXBuildFile; fileRef = 8B06F79A1978914B00C9CFED /* Icon-76.png */; };
		8B06F7AB1978914B00C9CFED /* Icon-76@2x.png in Resources */ = {isa = PBXBuildFile; fileRef = 8B06F79B1978914B00C9CFED /* Icon-76@2x.png */; };
		8B06F7AC1978914B00C9CFED /* Icon-Small-50.png in Resources */ = {isa = PBXBuildFile; fileRef = 8B06F79C1978914B00C9CFED /* Icon-Small-50.png */; };
		8B06F7AD1978914B00C9CFED /* Icon-Small-50@2x.png in Resources */ = {isa = PBXBuildFile; fileRef = 8B06F79D1978914B00C9CFED /* Icon-Small-50@2x.png */; };
		8B06F7AE1978914B00C9CFED /* Icon-Small.png in Resources */ = {isa = PBXBuildFile; fileRef = 8B06F79E1978914B00C9CFED /* Icon-Small.png */; };
		8B06F7AF1978914B00C9CFED /* Icon-Small@2x.png in Resources */ = {isa = PBXBuildFile; fileRef = 8B06F79F1978914B00C9CFED /* Icon-Small@2x.png */; };
		8B06F7B01978914B00C9CFED /* Icon-Spotlight-40.png in Resources */ = {isa = PBXBuildFile; fileRef = 8B06F7A01978914B00C9CFED /* Icon-Spotlight-40.png */; };
		8B06F7B11978914B00C9CFED /* Icon-Spotlight-40@2x.png in Resources */ = {isa = PBXBuildFile; fileRef = 8B06F7A11978914B00C9CFED /* Icon-Spotlight-40@2x.png */; };
		8B06F7B21978914B00C9CFED /* Icon.png in Resources */ = {isa = PBXBuildFile; fileRef = 8B06F7A21978914B00C9CFED /* Icon.png */; };
		8B06F7B31978914B00C9CFED /* Icon@2x.png in Resources */ = {isa = PBXBuildFile; fileRef = 8B06F7A31978914B00C9CFED /* Icon@2x.png */; };
		8B06F7B41978914B00C9CFED /* iTunesArtwork in Resources */ = {isa = PBXBuildFile; fileRef = 8B06F7A41978914B00C9CFED /* iTunesArtwork */; };
		8B06F7B51978914B00C9CFED /* iTunesArtwork@2x in Resources */ = {isa = PBXBuildFile; fileRef = 8B06F7A51978914B00C9CFED /* iTunesArtwork@2x */; };
		8B52058219727B5500A4BA93 /* HBVideoTableViewCell.m in Sources */ = {isa = PBXBuildFile; fileRef = 8B52058119727B5500A4BA93 /* HBVideoTableViewCell.m */; };
		8B5E761419634E8900BB1986 /* HBRecordViewController.m in Sources */ = {isa = PBXBuildFile; fileRef = 8B5E761319634E8900BB1986 /* HBRecordViewController.m */; };
		8B5EFC4C196A0129001E3D57 /* HBBioTableViewCell.m in Sources */ = {isa = PBXBuildFile; fileRef = 8B5EFC4B196A0129001E3D57 /* HBBioTableViewCell.m */; };
		8B5EFC4F196A07FF001E3D57 /* HBDarkTableViewCell.m in Sources */ = {isa = PBXBuildFile; fileRef = 8B5EFC4E196A07FF001E3D57 /* HBDarkTableViewCell.m */; };
		8B5EFC52196A7DEF001E3D57 /* HBLightTableViewCell.m in Sources */ = {isa = PBXBuildFile; fileRef = 8B5EFC51196A7DEE001E3D57 /* HBLightTableViewCell.m */; };
		8B5EFC55196A8190001E3D57 /* HBHackTableViewCell.m in Sources */ = {isa = PBXBuildFile; fileRef = 8B5EFC54196A8190001E3D57 /* HBHackTableViewCell.m */; };
		8B7B606F199830AB0096E1E2 /* HBHackCellCommentsTableView.m in Sources */ = {isa = PBXBuildFile; fileRef = 8B7B606E199830AB0096E1E2 /* HBHackCellCommentsTableView.m */; };
		8BA4EC7B19636AD8002FBD81 /* HBHackViewController.m in Sources */ = {isa = PBXBuildFile; fileRef = 8BA4EC7A19636AD8002FBD81 /* HBHackViewController.m */; };
		8BA4EC8219636B07002FBD81 /* HBCommentTableViewCell.m in Sources */ = {isa = PBXBuildFile; fileRef = 8BA4EC8119636B07002FBD81 /* HBCommentTableViewCell.m */; };
		8BA4EC8519636B1C002FBD81 /* HBTitleTableViewCell.m in Sources */ = {isa = PBXBuildFile; fileRef = 8BA4EC8419636B1C002FBD81 /* HBTitleTableViewCell.m */; };
		8BA4EC8819636B3E002FBD81 /* HBUserTableViewCell.m in Sources */ = {isa = PBXBuildFile; fileRef = 8BA4EC8719636B3E002FBD81 /* HBUserTableViewCell.m */; };
		8BA4EC8B19636B4E002FBD81 /* HBLikesTableViewCell.m in Sources */ = {isa = PBXBuildFile; fileRef = 8BA4EC8A19636B4E002FBD81 /* HBLikesTableViewCell.m */; };
		8BB9F5151977A47A004F3220 /* hellllllyeah.m4a in Resources */ = {isa = PBXBuildFile; fileRef = 8BB9F5141977A2DD004F3220 /* hellllllyeah.m4a */; };
		8BC0ACA3197E7BBD00B3384B /* Appsee.framework in Frameworks */ = {isa = PBXBuildFile; fileRef = 8BC0ACA2197E7BBD00B3384B /* Appsee.framework */; };
		8BC0ACA5197E7C1500B3384B /* AVFoundation.framework in Frameworks */ = {isa = PBXBuildFile; fileRef = 8BC0ACA4197E7C1500B3384B /* AVFoundation.framework */; };
		8BC0ACA7197E7C2300B3384B /* CoreMedia.framework in Frameworks */ = {isa = PBXBuildFile; fileRef = 8BC0ACA6197E7C2300B3384B /* CoreMedia.framework */; };
		8BC0ACA9197E7C2D00B3384B /* CoreVideo.framework in Frameworks */ = {isa = PBXBuildFile; fileRef = 8BC0ACA8197E7C2D00B3384B /* CoreVideo.framework */; };
		8BC0ACAB197E7C3500B3384B /* QuartzCore.framework in Frameworks */ = {isa = PBXBuildFile; fileRef = 8BC0ACAA197E7C3500B3384B /* QuartzCore.framework */; };
		8BC8A251196A89180058E6BE /* images.xcassets in Resources */ = {isa = PBXBuildFile; fileRef = 949BFAAE19423DA6004B94A6 /* images.xcassets */; };
		8BC8A255196A8B920058E6BE /* HBWebViewController.m in Sources */ = {isa = PBXBuildFile; fileRef = 8BC8A254196A8B920058E6BE /* HBWebViewController.m */; };
		8BE29AC91965466800502666 /* HBFollowTableViewController.m in Sources */ = {isa = PBXBuildFile; fileRef = 8BE29AC81965466800502666 /* HBFollowTableViewController.m */; };
		8BE29ACC196546DF00502666 /* HBFollowTableViewCell.m in Sources */ = {isa = PBXBuildFile; fileRef = 8BE29ACB196546DF00502666 /* HBFollowTableViewCell.m */; };
		8BE29ACF19666A3900502666 /* HBFollow.m in Sources */ = {isa = PBXBuildFile; fileRef = 8BE29ACE19666A3900502666 /* HBFollow.m */; };
		8BE29AD4196683A200502666 /* HBComment.m in Sources */ = {isa = PBXBuildFile; fileRef = 8BE29AD3196683A200502666 /* HBComment.m */; };
		8BEE3BE81964A8500057B7D0 /* HBNewCommentTableViewCell.m in Sources */ = {isa = PBXBuildFile; fileRef = 8BEE3BE71964A8500057B7D0 /* HBNewCommentTableViewCell.m */; };
		8BEE3BEB1964C0BC0057B7D0 /* HBProfileViewController.m in Sources */ = {isa = PBXBuildFile; fileRef = 8BEE3BEA1964C0BC0057B7D0 /* HBProfileViewController.m */; };
		8BEE3BEF1964C0E00057B7D0 /* HBProfileEditTableViewController.m in Sources */ = {isa = PBXBuildFile; fileRef = 8BEE3BEE1964C0E00057B7D0 /* HBProfileEditTableViewController.m */; };
		8BEE3BF21964C2D70057B7D0 /* HBProfileEditTableViewCell.m in Sources */ = {isa = PBXBuildFile; fileRef = 8BEE3BF11964C2D70057B7D0 /* HBProfileEditTableViewCell.m */; };
		8BEEB96F19785B6700D623A6 /* HBNotificationsTableViewController.m in Sources */ = {isa = PBXBuildFile; fileRef = 8BEEB96E19785B6700D623A6 /* HBNotificationsTableViewController.m */; };
		8BEEB97219785B9A00D623A6 /* HBNotificationsTableViewCell.m in Sources */ = {isa = PBXBuildFile; fileRef = 8BEEB97119785B9A00D623A6 /* HBNotificationsTableViewCell.m */; };
		8BEEB97619785C3200D623A6 /* HBNotification.m in Sources */ = {isa = PBXBuildFile; fileRef = 8BEEB97519785C3200D623A6 /* HBNotification.m */; };
		8BF0EDB0194D0A3F00971BCE /* HBLoginViewController.m in Sources */ = {isa = PBXBuildFile; fileRef = 8BF0EDAF194D0A3F00971BCE /* HBLoginViewController.m */; };
		8BF0EDB4194D345C00971BCE /* KeychainItemWrapper.m in Sources */ = {isa = PBXBuildFile; fileRef = 8BF0EDB3194D345C00971BCE /* KeychainItemWrapper.m */; settings = {COMPILER_FLAGS = "-fno-objc-arc"; }; };
		8BF601EF19637FC70075E183 /* MediaPlayer.framework in Frameworks */ = {isa = PBXBuildFile; fileRef = 8BF601EE19637FC70075E183 /* MediaPlayer.framework */; };
		8BFB065219635D710003D3F5 /* Foundation.framework in Frameworks */ = {isa = PBXBuildFile; fileRef = 8BFB065119635D710003D3F5 /* Foundation.framework */; };
		8FC6C80E746841FA918F9094 /* libPods.a in Frameworks */ = {isa = PBXBuildFile; fileRef = 0D40B9DDC7584D16A900E144 /* libPods.a */; };
		941164A11944B09B00EF8681 /* CFNetwork.framework in Frameworks */ = {isa = PBXBuildFile; fileRef = 949BFBF619424242004B94A6 /* CFNetwork.framework */; };
		941164A21944B0A200EF8681 /* SystemConfiguration.framework in Frameworks */ = {isa = PBXBuildFile; fileRef = 949BFBFC19424254004B94A6 /* SystemConfiguration.framework */; };
		941164A31944B0A600EF8681 /* MobileCoreServices.framework in Frameworks */ = {isa = PBXBuildFile; fileRef = 949BFBFA1942424C004B94A6 /* MobileCoreServices.framework */; };
		941164A51944B0AE00EF8681 /* CoreGraphics.framework in Frameworks */ = {isa = PBXBuildFile; fileRef = 941164A41944B0AE00EF8681 /* CoreGraphics.framework */; };
		941164A71944B0BE00EF8681 /* libz.dylib in Frameworks */ = {isa = PBXBuildFile; fileRef = 941164A61944B0BE00EF8681 /* libz.dylib */; };
		94546A2A1947CE18008F8743 /* MKAnnotationView+WebCache.m in Sources */ = {isa = PBXBuildFile; fileRef = 94546A0C1947CE18008F8743 /* MKAnnotationView+WebCache.m */; };
		94546A2B1947CE18008F8743 /* NSData+ImageContentType.m in Sources */ = {isa = PBXBuildFile; fileRef = 94546A0E1947CE18008F8743 /* NSData+ImageContentType.m */; };
		94546A2C1947CE18008F8743 /* SDImageCache.m in Sources */ = {isa = PBXBuildFile; fileRef = 94546A101947CE18008F8743 /* SDImageCache.m */; };
		94546A2D1947CE18008F8743 /* SDWebImageCompat.m in Sources */ = {isa = PBXBuildFile; fileRef = 94546A121947CE18008F8743 /* SDWebImageCompat.m */; };
		94546A2E1947CE18008F8743 /* SDWebImageDecoder.m in Sources */ = {isa = PBXBuildFile; fileRef = 94546A141947CE18008F8743 /* SDWebImageDecoder.m */; };
		94546A2F1947CE18008F8743 /* SDWebImageDownloader.m in Sources */ = {isa = PBXBuildFile; fileRef = 94546A161947CE18008F8743 /* SDWebImageDownloader.m */; };
		94546A301947CE18008F8743 /* SDWebImageDownloaderOperation.m in Sources */ = {isa = PBXBuildFile; fileRef = 94546A181947CE18008F8743 /* SDWebImageDownloaderOperation.m */; };
		94546A311947CE18008F8743 /* SDWebImageManager.m in Sources */ = {isa = PBXBuildFile; fileRef = 94546A1A1947CE18008F8743 /* SDWebImageManager.m */; };
		94546A321947CE18008F8743 /* SDWebImagePrefetcher.m in Sources */ = {isa = PBXBuildFile; fileRef = 94546A1D1947CE18008F8743 /* SDWebImagePrefetcher.m */; };
		94546A331947CE18008F8743 /* UIButton+WebCache.m in Sources */ = {isa = PBXBuildFile; fileRef = 94546A1F1947CE18008F8743 /* UIButton+WebCache.m */; };
		94546A341947CE18008F8743 /* UIImage+GIF.m in Sources */ = {isa = PBXBuildFile; fileRef = 94546A211947CE18008F8743 /* UIImage+GIF.m */; };
		94546A351947CE18008F8743 /* UIImage+MultiFormat.m in Sources */ = {isa = PBXBuildFile; fileRef = 94546A231947CE18008F8743 /* UIImage+MultiFormat.m */; };
		94546A361947CE18008F8743 /* UIImage+WebP.m in Sources */ = {isa = PBXBuildFile; fileRef = 94546A251947CE18008F8743 /* UIImage+WebP.m */; };
		94546A371947CE18008F8743 /* UIImageView+HighlightedWebCache.m in Sources */ = {isa = PBXBuildFile; fileRef = 94546A271947CE18008F8743 /* UIImageView+HighlightedWebCache.m */; };
		94546A381947CE18008F8743 /* UIImageView+WebCache.m in Sources */ = {isa = PBXBuildFile; fileRef = 94546A291947CE18008F8743 /* UIImageView+WebCache.m */; };
		94546A3D1947E06A008F8743 /* AvenirNextLTPro-Medium.otf in Resources */ = {isa = PBXBuildFile; fileRef = 94546A3B1947E06A008F8743 /* AvenirNextLTPro-Medium.otf */; };
		94546A3E1947E06A008F8743 /* AvenirNextLTPro-Regular.otf in Resources */ = {isa = PBXBuildFile; fileRef = 94546A3C1947E06A008F8743 /* AvenirNextLTPro-Regular.otf */; };
		946DFF1C19467D2C00F52E38 /* HBFeedController.m in Sources */ = {isa = PBXBuildFile; fileRef = 946DFF1B19467D2C00F52E38 /* HBFeedController.m */; };
		946DFF2019467F1100F52E38 /* HBHackCell.m in Sources */ = {isa = PBXBuildFile; fileRef = 946DFF1F19467F1100F52E38 /* HBHackCell.m */; };
		9479968A1944B2540040C71F /* Reachability.m in Sources */ = {isa = PBXBuildFile; fileRef = 947996731944B2540040C71F /* Reachability.m */; settings = {COMPILER_FLAGS = "-fno-objc-arc"; }; };
		947996D71944B3270040C71F /* libxml2.2.dylib in Frameworks */ = {isa = PBXBuildFile; fileRef = 947996D61944B3270040C71F /* libxml2.2.dylib */; };
		949BFAA419423DA6004B94A6 /* main.m in Sources */ = {isa = PBXBuildFile; fileRef = 949BFAA319423DA6004B94A6 /* main.m */; settings = {COMPILER_FLAGS = "-fno-objc-arc"; }; };
		949BFAA719423DA6004B94A6 /* AppDelegate.m in Sources */ = {isa = PBXBuildFile; fileRef = 949BFAA619423DA6004B94A6 /* AppDelegate.m */; settings = {COMPILER_FLAGS = "-fno-objc-arc"; }; };
		949BFAAD19423DA6004B94A6 /* Main.storyboard in Resources */ = {isa = PBXBuildFile; fileRef = 949BFAAB19423DA6004B94A6 /* Main.storyboard */; };
		949BFAAF19423DA6004B94A6 /* images.xcassets in Resources */ = {isa = PBXBuildFile; fileRef = 949BFAAE19423DA6004B94A6 /* images.xcassets */; };
		949BFABB19423DA6004B94A6 /* HackerBracketTests.m in Sources */ = {isa = PBXBuildFile; fileRef = 949BFABA19423DA6004B94A6 /* HackerBracketTests.m */; };
		949BFACD19423E01004B94A6 /* HBUser.m in Sources */ = {isa = PBXBuildFile; fileRef = 949BFACC19423E01004B94A6 /* HBUser.m */; settings = {COMPILER_FLAGS = "-fno-objc-arc"; }; };
		949BFAD119423E10004B94A6 /* HBHack.m in Sources */ = {isa = PBXBuildFile; fileRef = 949BFAD019423E10004B94A6 /* HBHack.m */; settings = {COMPILER_FLAGS = "-fno-objc-arc"; }; };
		949BFAD519423EF7004B94A6 /* HackerBracket.m in Sources */ = {isa = PBXBuildFile; fileRef = 949BFAD419423EF7004B94A6 /* HackerBracket.m */; settings = {COMPILER_FLAGS = "-fno-objc-arc"; }; };
/* End PBXBuildFile section */

/* Begin PBXContainerItemProxy section */
		8BF0EDB5194D34BA00971BCE /* PBXContainerItemProxy */ = {
			isa = PBXContainerItemProxy;
			containerPortal = 949BFA9619423DA6004B94A6 /* Project object */;
			proxyType = 1;
			remoteGlobalIDString = 949BFA9D19423DA6004B94A6;
			remoteInfo = HackerBracket;
		};
		8BFB064F19635D630003D3F5 /* PBXContainerItemProxy */ = {
			isa = PBXContainerItemProxy;
			containerPortal = 949BFA9619423DA6004B94A6 /* Project object */;
			proxyType = 1;
			remoteGlobalIDString = 949BFA9D19423DA6004B94A6;
			remoteInfo = HackerBracket;
		};
		8BFB065319635D810003D3F5 /* PBXContainerItemProxy */ = {
			isa = PBXContainerItemProxy;
			containerPortal = 949BFA9619423DA6004B94A6 /* Project object */;
			proxyType = 1;
			remoteGlobalIDString = 949BFA9D19423DA6004B94A6;
			remoteInfo = HackerBracket;
		};
		949BFAB519423DA6004B94A6 /* PBXContainerItemProxy */ = {
			isa = PBXContainerItemProxy;
			containerPortal = 949BFA9619423DA6004B94A6 /* Project object */;
			proxyType = 1;
			remoteGlobalIDString = 949BFA9D19423DA6004B94A6;
			remoteInfo = HackerBracket;
		};
/* End PBXContainerItemProxy section */

/* Begin PBXFileReference section */
		021435491998B79500098370 /* HCYoutubeParser.h */ = {isa = PBXFileReference; fileEncoding = 4; lastKnownFileType = sourcecode.c.h; path = HCYoutubeParser.h; sourceTree = "<group>"; };
		0214354A1998B79500098370 /* HCYoutubeParser.m */ = {isa = PBXFileReference; fileEncoding = 4; lastKnownFileType = sourcecode.c.objc; path = HCYoutubeParser.m; sourceTree = "<group>"; };
		0D40B9DDC7584D16A900E144 /* libPods.a */ = {isa = PBXFileReference; explicitFileType = archive.ar; includeInIndex = 0; path = libPods.a; sourceTree = BUILT_PRODUCTS_DIR; };
		8B06F7961978914B00C9CFED /* Icon-60.png */ = {isa = PBXFileReference; lastKnownFileType = image.png; path = "Icon-60.png"; sourceTree = "<group>"; };
		8B06F7971978914B00C9CFED /* Icon-60@2x.png */ = {isa = PBXFileReference; lastKnownFileType = image.png; path = "Icon-60@2x.png"; sourceTree = "<group>"; };
		8B06F7981978914B00C9CFED /* Icon-72.png */ = {isa = PBXFileReference; lastKnownFileType = image.png; path = "Icon-72.png"; sourceTree = "<group>"; };
		8B06F7991978914B00C9CFED /* Icon-72@2x.png */ = {isa = PBXFileReference; lastKnownFileType = image.png; path = "Icon-72@2x.png"; sourceTree = "<group>"; };
		8B06F79A1978914B00C9CFED /* Icon-76.png */ = {isa = PBXFileReference; lastKnownFileType = image.png; path = "Icon-76.png"; sourceTree = "<group>"; };
		8B06F79B1978914B00C9CFED /* Icon-76@2x.png */ = {isa = PBXFileReference; lastKnownFileType = image.png; path = "Icon-76@2x.png"; sourceTree = "<group>"; };
		8B06F79C1978914B00C9CFED /* Icon-Small-50.png */ = {isa = PBXFileReference; lastKnownFileType = image.png; path = "Icon-Small-50.png"; sourceTree = "<group>"; };
		8B06F79D1978914B00C9CFED /* Icon-Small-50@2x.png */ = {isa = PBXFileReference; lastKnownFileType = image.png; path = "Icon-Small-50@2x.png"; sourceTree = "<group>"; };
		8B06F79E1978914B00C9CFED /* Icon-Small.png */ = {isa = PBXFileReference; lastKnownFileType = image.png; path = "Icon-Small.png"; sourceTree = "<group>"; };
		8B06F79F1978914B00C9CFED /* Icon-Small@2x.png */ = {isa = PBXFileReference; lastKnownFileType = image.png; path = "Icon-Small@2x.png"; sourceTree = "<group>"; };
		8B06F7A01978914B00C9CFED /* Icon-Spotlight-40.png */ = {isa = PBXFileReference; lastKnownFileType = image.png; path = "Icon-Spotlight-40.png"; sourceTree = "<group>"; };
		8B06F7A11978914B00C9CFED /* Icon-Spotlight-40@2x.png */ = {isa = PBXFileReference; lastKnownFileType = image.png; path = "Icon-Spotlight-40@2x.png"; sourceTree = "<group>"; };
		8B06F7A21978914B00C9CFED /* Icon.png */ = {isa = PBXFileReference; lastKnownFileType = image.png; path = Icon.png; sourceTree = "<group>"; };
		8B06F7A31978914B00C9CFED /* Icon@2x.png */ = {isa = PBXFileReference; lastKnownFileType = image.png; path = "Icon@2x.png"; sourceTree = "<group>"; };
		8B06F7A41978914B00C9CFED /* iTunesArtwork */ = {isa = PBXFileReference; lastKnownFileType = file; path = iTunesArtwork; sourceTree = "<group>"; };
		8B06F7A51978914B00C9CFED /* iTunesArtwork@2x */ = {isa = PBXFileReference; lastKnownFileType = file; path = "iTunesArtwork@2x"; sourceTree = "<group>"; };
		8B52058019727B5500A4BA93 /* HBVideoTableViewCell.h */ = {isa = PBXFileReference; fileEncoding = 4; lastKnownFileType = sourcecode.c.h; path = HBVideoTableViewCell.h; sourceTree = "<group>"; };
		8B52058119727B5500A4BA93 /* HBVideoTableViewCell.m */ = {isa = PBXFileReference; fileEncoding = 4; lastKnownFileType = sourcecode.c.objc; path = HBVideoTableViewCell.m; sourceTree = "<group>"; };
		8B5E761219634E8900BB1986 /* HBRecordViewController.h */ = {isa = PBXFileReference; fileEncoding = 4; lastKnownFileType = sourcecode.c.h; path = HBRecordViewController.h; sourceTree = "<group>"; };
		8B5E761319634E8900BB1986 /* HBRecordViewController.m */ = {isa = PBXFileReference; fileEncoding = 4; lastKnownFileType = sourcecode.c.objc; path = HBRecordViewController.m; sourceTree = "<group>"; };
		8B5EFC4A196A0129001E3D57 /* HBBioTableViewCell.h */ = {isa = PBXFileReference; fileEncoding = 4; lastKnownFileType = sourcecode.c.h; path = HBBioTableViewCell.h; sourceTree = "<group>"; };
		8B5EFC4B196A0129001E3D57 /* HBBioTableViewCell.m */ = {isa = PBXFileReference; fileEncoding = 4; lastKnownFileType = sourcecode.c.objc; path = HBBioTableViewCell.m; sourceTree = "<group>"; };
		8B5EFC4D196A07FF001E3D57 /* HBDarkTableViewCell.h */ = {isa = PBXFileReference; fileEncoding = 4; lastKnownFileType = sourcecode.c.h; path = HBDarkTableViewCell.h; sourceTree = "<group>"; };
		8B5EFC4E196A07FF001E3D57 /* HBDarkTableViewCell.m */ = {isa = PBXFileReference; fileEncoding = 4; lastKnownFileType = sourcecode.c.objc; path = HBDarkTableViewCell.m; sourceTree = "<group>"; };
		8B5EFC50196A7DEE001E3D57 /* HBLightTableViewCell.h */ = {isa = PBXFileReference; fileEncoding = 4; lastKnownFileType = sourcecode.c.h; path = HBLightTableViewCell.h; sourceTree = "<group>"; };
		8B5EFC51196A7DEE001E3D57 /* HBLightTableViewCell.m */ = {isa = PBXFileReference; fileEncoding = 4; lastKnownFileType = sourcecode.c.objc; path = HBLightTableViewCell.m; sourceTree = "<group>"; };
		8B5EFC53196A8190001E3D57 /* HBHackTableViewCell.h */ = {isa = PBXFileReference; fileEncoding = 4; lastKnownFileType = sourcecode.c.h; path = HBHackTableViewCell.h; sourceTree = "<group>"; };
		8B5EFC54196A8190001E3D57 /* HBHackTableViewCell.m */ = {isa = PBXFileReference; fileEncoding = 4; lastKnownFileType = sourcecode.c.objc; path = HBHackTableViewCell.m; sourceTree = "<group>"; };
		8B63BCD719783A770062680C /* Podfile */ = {isa = PBXFileReference; lastKnownFileType = text; path = Podfile; sourceTree = "<group>"; xcLanguageSpecificationIdentifier = xcode.lang.ruby; };
		8B7B606D199830AB0096E1E2 /* HBHackCellCommentsTableView.h */ = {isa = PBXFileReference; fileEncoding = 4; lastKnownFileType = sourcecode.c.h; path = HBHackCellCommentsTableView.h; sourceTree = "<group>"; };
		8B7B606E199830AB0096E1E2 /* HBHackCellCommentsTableView.m */ = {isa = PBXFileReference; fileEncoding = 4; lastKnownFileType = sourcecode.c.objc; path = HBHackCellCommentsTableView.m; sourceTree = "<group>"; };
		8BA4EC7919636AD8002FBD81 /* HBHackViewController.h */ = {isa = PBXFileReference; fileEncoding = 4; lastKnownFileType = sourcecode.c.h; path = HBHackViewController.h; sourceTree = "<group>"; };
		8BA4EC7A19636AD8002FBD81 /* HBHackViewController.m */ = {isa = PBXFileReference; fileEncoding = 4; lastKnownFileType = sourcecode.c.objc; path = HBHackViewController.m; sourceTree = "<group>"; };
		8BA4EC8019636B07002FBD81 /* HBCommentTableViewCell.h */ = {isa = PBXFileReference; fileEncoding = 4; lastKnownFileType = sourcecode.c.h; path = HBCommentTableViewCell.h; sourceTree = "<group>"; };
		8BA4EC8119636B07002FBD81 /* HBCommentTableViewCell.m */ = {isa = PBXFileReference; fileEncoding = 4; lastKnownFileType = sourcecode.c.objc; path = HBCommentTableViewCell.m; sourceTree = "<group>"; };
		8BA4EC8319636B1C002FBD81 /* HBTitleTableViewCell.h */ = {isa = PBXFileReference; fileEncoding = 4; lastKnownFileType = sourcecode.c.h; path = HBTitleTableViewCell.h; sourceTree = "<group>"; };
		8BA4EC8419636B1C002FBD81 /* HBTitleTableViewCell.m */ = {isa = PBXFileReference; fileEncoding = 4; lastKnownFileType = sourcecode.c.objc; path = HBTitleTableViewCell.m; sourceTree = "<group>"; };
		8BA4EC8619636B3E002FBD81 /* HBUserTableViewCell.h */ = {isa = PBXFileReference; fileEncoding = 4; lastKnownFileType = sourcecode.c.h; path = HBUserTableViewCell.h; sourceTree = "<group>"; };
		8BA4EC8719636B3E002FBD81 /* HBUserTableViewCell.m */ = {isa = PBXFileReference; fileEncoding = 4; lastKnownFileType = sourcecode.c.objc; path = HBUserTableViewCell.m; sourceTree = "<group>"; };
		8BA4EC8919636B4E002FBD81 /* HBLikesTableViewCell.h */ = {isa = PBXFileReference; fileEncoding = 4; lastKnownFileType = sourcecode.c.h; path = HBLikesTableViewCell.h; sourceTree = "<group>"; };
		8BA4EC8A19636B4E002FBD81 /* HBLikesTableViewCell.m */ = {isa = PBXFileReference; fileEncoding = 4; lastKnownFileType = sourcecode.c.objc; path = HBLikesTableViewCell.m; sourceTree = "<group>"; };
		8BB9F5141977A2DD004F3220 /* hellllllyeah.m4a */ = {isa = PBXFileReference; lastKnownFileType = file; path = hellllllyeah.m4a; sourceTree = "<group>"; };
		8BC0ACA2197E7BBD00B3384B /* Appsee.framework */ = {isa = PBXFileReference; lastKnownFileType = wrapper.framework; path = Appsee.framework; sourceTree = "<group>"; };
		8BC0ACA4197E7C1500B3384B /* AVFoundation.framework */ = {isa = PBXFileReference; lastKnownFileType = wrapper.framework; name = AVFoundation.framework; path = System/Library/Frameworks/AVFoundation.framework; sourceTree = SDKROOT; };
		8BC0ACA6197E7C2300B3384B /* CoreMedia.framework */ = {isa = PBXFileReference; lastKnownFileType = wrapper.framework; name = CoreMedia.framework; path = System/Library/Frameworks/CoreMedia.framework; sourceTree = SDKROOT; };
		8BC0ACA8197E7C2D00B3384B /* CoreVideo.framework */ = {isa = PBXFileReference; lastKnownFileType = wrapper.framework; name = CoreVideo.framework; path = System/Library/Frameworks/CoreVideo.framework; sourceTree = SDKROOT; };
		8BC0ACAA197E7C3500B3384B /* QuartzCore.framework */ = {isa = PBXFileReference; lastKnownFileType = wrapper.framework; name = QuartzCore.framework; path = System/Library/Frameworks/QuartzCore.framework; sourceTree = SDKROOT; };
		8BC8A253196A8B920058E6BE /* HBWebViewController.h */ = {isa = PBXFileReference; fileEncoding = 4; lastKnownFileType = sourcecode.c.h; path = HBWebViewController.h; sourceTree = "<group>"; };
		8BC8A254196A8B920058E6BE /* HBWebViewController.m */ = {isa = PBXFileReference; fileEncoding = 4; lastKnownFileType = sourcecode.c.objc; path = HBWebViewController.m; sourceTree = "<group>"; };
		8BE29AC71965466800502666 /* HBFollowTableViewController.h */ = {isa = PBXFileReference; fileEncoding = 4; lastKnownFileType = sourcecode.c.h; path = HBFollowTableViewController.h; sourceTree = "<group>"; };
		8BE29AC81965466800502666 /* HBFollowTableViewController.m */ = {isa = PBXFileReference; fileEncoding = 4; lastKnownFileType = sourcecode.c.objc; path = HBFollowTableViewController.m; sourceTree = "<group>"; };
		8BE29ACA196546DF00502666 /* HBFollowTableViewCell.h */ = {isa = PBXFileReference; fileEncoding = 4; lastKnownFileType = sourcecode.c.h; path = HBFollowTableViewCell.h; sourceTree = "<group>"; };
		8BE29ACB196546DF00502666 /* HBFollowTableViewCell.m */ = {isa = PBXFileReference; fileEncoding = 4; lastKnownFileType = sourcecode.c.objc; path = HBFollowTableViewCell.m; sourceTree = "<group>"; };
		8BE29ACD19666A3900502666 /* HBFollow.h */ = {isa = PBXFileReference; fileEncoding = 4; lastKnownFileType = sourcecode.c.h; path = HBFollow.h; sourceTree = "<group>"; };
		8BE29ACE19666A3900502666 /* HBFollow.m */ = {isa = PBXFileReference; fileEncoding = 4; lastKnownFileType = sourcecode.c.objc; path = HBFollow.m; sourceTree = "<group>"; };
		8BE29AD2196683A200502666 /* HBComment.h */ = {isa = PBXFileReference; fileEncoding = 4; lastKnownFileType = sourcecode.c.h; path = HBComment.h; sourceTree = "<group>"; };
		8BE29AD3196683A200502666 /* HBComment.m */ = {isa = PBXFileReference; fileEncoding = 4; lastKnownFileType = sourcecode.c.objc; path = HBComment.m; sourceTree = "<group>"; };
		8BEE3BE61964A8500057B7D0 /* HBNewCommentTableViewCell.h */ = {isa = PBXFileReference; fileEncoding = 4; lastKnownFileType = sourcecode.c.h; path = HBNewCommentTableViewCell.h; sourceTree = "<group>"; };
		8BEE3BE71964A8500057B7D0 /* HBNewCommentTableViewCell.m */ = {isa = PBXFileReference; fileEncoding = 4; lastKnownFileType = sourcecode.c.objc; path = HBNewCommentTableViewCell.m; sourceTree = "<group>"; };
		8BEE3BE91964C0BC0057B7D0 /* HBProfileViewController.h */ = {isa = PBXFileReference; fileEncoding = 4; lastKnownFileType = sourcecode.c.h; path = HBProfileViewController.h; sourceTree = "<group>"; };
		8BEE3BEA1964C0BC0057B7D0 /* HBProfileViewController.m */ = {isa = PBXFileReference; fileEncoding = 4; lastKnownFileType = sourcecode.c.objc; path = HBProfileViewController.m; sourceTree = "<group>"; };
		8BEE3BED1964C0E00057B7D0 /* HBProfileEditTableViewController.h */ = {isa = PBXFileReference; fileEncoding = 4; lastKnownFileType = sourcecode.c.h; path = HBProfileEditTableViewController.h; sourceTree = "<group>"; };
		8BEE3BEE1964C0E00057B7D0 /* HBProfileEditTableViewController.m */ = {isa = PBXFileReference; fileEncoding = 4; lastKnownFileType = sourcecode.c.objc; path = HBProfileEditTableViewController.m; sourceTree = "<group>"; };
		8BEE3BF01964C2D70057B7D0 /* HBProfileEditTableViewCell.h */ = {isa = PBXFileReference; fileEncoding = 4; lastKnownFileType = sourcecode.c.h; path = HBProfileEditTableViewCell.h; sourceTree = "<group>"; };
		8BEE3BF11964C2D70057B7D0 /* HBProfileEditTableViewCell.m */ = {isa = PBXFileReference; fileEncoding = 4; lastKnownFileType = sourcecode.c.objc; path = HBProfileEditTableViewCell.m; sourceTree = "<group>"; };
		8BEEB96D19785B6700D623A6 /* HBNotificationsTableViewController.h */ = {isa = PBXFileReference; fileEncoding = 4; lastKnownFileType = sourcecode.c.h; path = HBNotificationsTableViewController.h; sourceTree = "<group>"; };
		8BEEB96E19785B6700D623A6 /* HBNotificationsTableViewController.m */ = {isa = PBXFileReference; fileEncoding = 4; lastKnownFileType = sourcecode.c.objc; path = HBNotificationsTableViewController.m; sourceTree = "<group>"; };
		8BEEB97019785B9A00D623A6 /* HBNotificationsTableViewCell.h */ = {isa = PBXFileReference; fileEncoding = 4; lastKnownFileType = sourcecode.c.h; path = HBNotificationsTableViewCell.h; sourceTree = "<group>"; };
		8BEEB97119785B9A00D623A6 /* HBNotificationsTableViewCell.m */ = {isa = PBXFileReference; fileEncoding = 4; lastKnownFileType = sourcecode.c.objc; path = HBNotificationsTableViewCell.m; sourceTree = "<group>"; };
		8BEEB97419785C3200D623A6 /* HBNotification.h */ = {isa = PBXFileReference; fileEncoding = 4; lastKnownFileType = sourcecode.c.h; path = HBNotification.h; sourceTree = "<group>"; };
		8BEEB97519785C3200D623A6 /* HBNotification.m */ = {isa = PBXFileReference; fileEncoding = 4; lastKnownFileType = sourcecode.c.objc; path = HBNotification.m; sourceTree = "<group>"; };
		8BF0EDAE194D0A3F00971BCE /* HBLoginViewController.h */ = {isa = PBXFileReference; fileEncoding = 4; lastKnownFileType = sourcecode.c.h; path = HBLoginViewController.h; sourceTree = "<group>"; };
		8BF0EDAF194D0A3F00971BCE /* HBLoginViewController.m */ = {isa = PBXFileReference; fileEncoding = 4; lastKnownFileType = sourcecode.c.objc; path = HBLoginViewController.m; sourceTree = "<group>"; };
		8BF0EDB2194D345C00971BCE /* KeychainItemWrapper.h */ = {isa = PBXFileReference; fileEncoding = 4; lastKnownFileType = sourcecode.c.h; path = KeychainItemWrapper.h; sourceTree = "<group>"; };
		8BF0EDB3194D345C00971BCE /* KeychainItemWrapper.m */ = {isa = PBXFileReference; fileEncoding = 4; lastKnownFileType = sourcecode.c.objc; path = KeychainItemWrapper.m; sourceTree = "<group>"; };
		8BF601EE19637FC70075E183 /* MediaPlayer.framework */ = {isa = PBXFileReference; lastKnownFileType = wrapper.framework; name = MediaPlayer.framework; path = System/Library/Frameworks/MediaPlayer.framework; sourceTree = SDKROOT; };
		8BFB065119635D710003D3F5 /* Foundation.framework */ = {isa = PBXFileReference; lastKnownFileType = wrapper.framework; name = Foundation.framework; path = System/Library/Frameworks/Foundation.framework; sourceTree = SDKROOT; };
		941164A41944B0AE00EF8681 /* CoreGraphics.framework */ = {isa = PBXFileReference; lastKnownFileType = wrapper.framework; name = CoreGraphics.framework; path = System/Library/Frameworks/CoreGraphics.framework; sourceTree = SDKROOT; };
		941164A61944B0BE00EF8681 /* libz.dylib */ = {isa = PBXFileReference; lastKnownFileType = "compiled.mach-o.dylib"; name = libz.dylib; path = usr/lib/libz.dylib; sourceTree = SDKROOT; };
		94546A0B1947CE18008F8743 /* MKAnnotationView+WebCache.h */ = {isa = PBXFileReference; fileEncoding = 4; lastKnownFileType = sourcecode.c.h; path = "MKAnnotationView+WebCache.h"; sourceTree = "<group>"; };
		94546A0C1947CE18008F8743 /* MKAnnotationView+WebCache.m */ = {isa = PBXFileReference; fileEncoding = 4; lastKnownFileType = sourcecode.c.objc; path = "MKAnnotationView+WebCache.m"; sourceTree = "<group>"; };
		94546A0D1947CE18008F8743 /* NSData+ImageContentType.h */ = {isa = PBXFileReference; fileEncoding = 4; lastKnownFileType = sourcecode.c.h; path = "NSData+ImageContentType.h"; sourceTree = "<group>"; };
		94546A0E1947CE18008F8743 /* NSData+ImageContentType.m */ = {isa = PBXFileReference; fileEncoding = 4; lastKnownFileType = sourcecode.c.objc; path = "NSData+ImageContentType.m"; sourceTree = "<group>"; };
		94546A0F1947CE18008F8743 /* SDImageCache.h */ = {isa = PBXFileReference; fileEncoding = 4; lastKnownFileType = sourcecode.c.h; path = SDImageCache.h; sourceTree = "<group>"; };
		94546A101947CE18008F8743 /* SDImageCache.m */ = {isa = PBXFileReference; fileEncoding = 4; lastKnownFileType = sourcecode.c.objc; path = SDImageCache.m; sourceTree = "<group>"; };
		94546A111947CE18008F8743 /* SDWebImageCompat.h */ = {isa = PBXFileReference; fileEncoding = 4; lastKnownFileType = sourcecode.c.h; path = SDWebImageCompat.h; sourceTree = "<group>"; };
		94546A121947CE18008F8743 /* SDWebImageCompat.m */ = {isa = PBXFileReference; fileEncoding = 4; lastKnownFileType = sourcecode.c.objc; path = SDWebImageCompat.m; sourceTree = "<group>"; };
		94546A131947CE18008F8743 /* SDWebImageDecoder.h */ = {isa = PBXFileReference; fileEncoding = 4; lastKnownFileType = sourcecode.c.h; path = SDWebImageDecoder.h; sourceTree = "<group>"; };
		94546A141947CE18008F8743 /* SDWebImageDecoder.m */ = {isa = PBXFileReference; fileEncoding = 4; lastKnownFileType = sourcecode.c.objc; path = SDWebImageDecoder.m; sourceTree = "<group>"; };
		94546A151947CE18008F8743 /* SDWebImageDownloader.h */ = {isa = PBXFileReference; fileEncoding = 4; lastKnownFileType = sourcecode.c.h; path = SDWebImageDownloader.h; sourceTree = "<group>"; };
		94546A161947CE18008F8743 /* SDWebImageDownloader.m */ = {isa = PBXFileReference; fileEncoding = 4; lastKnownFileType = sourcecode.c.objc; path = SDWebImageDownloader.m; sourceTree = "<group>"; };
		94546A171947CE18008F8743 /* SDWebImageDownloaderOperation.h */ = {isa = PBXFileReference; fileEncoding = 4; lastKnownFileType = sourcecode.c.h; path = SDWebImageDownloaderOperation.h; sourceTree = "<group>"; };
		94546A181947CE18008F8743 /* SDWebImageDownloaderOperation.m */ = {isa = PBXFileReference; fileEncoding = 4; lastKnownFileType = sourcecode.c.objc; path = SDWebImageDownloaderOperation.m; sourceTree = "<group>"; };
		94546A191947CE18008F8743 /* SDWebImageManager.h */ = {isa = PBXFileReference; fileEncoding = 4; lastKnownFileType = sourcecode.c.h; path = SDWebImageManager.h; sourceTree = "<group>"; };
		94546A1A1947CE18008F8743 /* SDWebImageManager.m */ = {isa = PBXFileReference; fileEncoding = 4; lastKnownFileType = sourcecode.c.objc; path = SDWebImageManager.m; sourceTree = "<group>"; };
		94546A1B1947CE18008F8743 /* SDWebImageOperation.h */ = {isa = PBXFileReference; fileEncoding = 4; lastKnownFileType = sourcecode.c.h; path = SDWebImageOperation.h; sourceTree = "<group>"; };
		94546A1C1947CE18008F8743 /* SDWebImagePrefetcher.h */ = {isa = PBXFileReference; fileEncoding = 4; lastKnownFileType = sourcecode.c.h; path = SDWebImagePrefetcher.h; sourceTree = "<group>"; };
		94546A1D1947CE18008F8743 /* SDWebImagePrefetcher.m */ = {isa = PBXFileReference; fileEncoding = 4; lastKnownFileType = sourcecode.c.objc; path = SDWebImagePrefetcher.m; sourceTree = "<group>"; };
		94546A1E1947CE18008F8743 /* UIButton+WebCache.h */ = {isa = PBXFileReference; fileEncoding = 4; lastKnownFileType = sourcecode.c.h; path = "UIButton+WebCache.h"; sourceTree = "<group>"; };
		94546A1F1947CE18008F8743 /* UIButton+WebCache.m */ = {isa = PBXFileReference; fileEncoding = 4; lastKnownFileType = sourcecode.c.objc; path = "UIButton+WebCache.m"; sourceTree = "<group>"; };
		94546A201947CE18008F8743 /* UIImage+GIF.h */ = {isa = PBXFileReference; fileEncoding = 4; lastKnownFileType = sourcecode.c.h; path = "UIImage+GIF.h"; sourceTree = "<group>"; };
		94546A211947CE18008F8743 /* UIImage+GIF.m */ = {isa = PBXFileReference; fileEncoding = 4; lastKnownFileType = sourcecode.c.objc; path = "UIImage+GIF.m"; sourceTree = "<group>"; };
		94546A221947CE18008F8743 /* UIImage+MultiFormat.h */ = {isa = PBXFileReference; fileEncoding = 4; lastKnownFileType = sourcecode.c.h; path = "UIImage+MultiFormat.h"; sourceTree = "<group>"; };
		94546A231947CE18008F8743 /* UIImage+MultiFormat.m */ = {isa = PBXFileReference; fileEncoding = 4; lastKnownFileType = sourcecode.c.objc; path = "UIImage+MultiFormat.m"; sourceTree = "<group>"; };
		94546A241947CE18008F8743 /* UIImage+WebP.h */ = {isa = PBXFileReference; fileEncoding = 4; lastKnownFileType = sourcecode.c.h; path = "UIImage+WebP.h"; sourceTree = "<group>"; };
		94546A251947CE18008F8743 /* UIImage+WebP.m */ = {isa = PBXFileReference; fileEncoding = 4; lastKnownFileType = sourcecode.c.objc; path = "UIImage+WebP.m"; sourceTree = "<group>"; };
		94546A261947CE18008F8743 /* UIImageView+HighlightedWebCache.h */ = {isa = PBXFileReference; fileEncoding = 4; lastKnownFileType = sourcecode.c.h; path = "UIImageView+HighlightedWebCache.h"; sourceTree = "<group>"; };
		94546A271947CE18008F8743 /* UIImageView+HighlightedWebCache.m */ = {isa = PBXFileReference; fileEncoding = 4; lastKnownFileType = sourcecode.c.objc; path = "UIImageView+HighlightedWebCache.m"; sourceTree = "<group>"; };
		94546A281947CE18008F8743 /* UIImageView+WebCache.h */ = {isa = PBXFileReference; fileEncoding = 4; lastKnownFileType = sourcecode.c.h; path = "UIImageView+WebCache.h"; sourceTree = "<group>"; };
		94546A291947CE18008F8743 /* UIImageView+WebCache.m */ = {isa = PBXFileReference; fileEncoding = 4; lastKnownFileType = sourcecode.c.objc; path = "UIImageView+WebCache.m"; sourceTree = "<group>"; };
		94546A3B1947E06A008F8743 /* AvenirNextLTPro-Medium.otf */ = {isa = PBXFileReference; lastKnownFileType = file; path = "AvenirNextLTPro-Medium.otf"; sourceTree = "<group>"; };
		94546A3C1947E06A008F8743 /* AvenirNextLTPro-Regular.otf */ = {isa = PBXFileReference; lastKnownFileType = file; path = "AvenirNextLTPro-Regular.otf"; sourceTree = "<group>"; };
		946DFF1A19467D2C00F52E38 /* HBFeedController.h */ = {isa = PBXFileReference; fileEncoding = 4; lastKnownFileType = sourcecode.c.h; name = HBFeedController.h; path = Controllers/Feed/HBFeedController.h; sourceTree = "<group>"; };
		946DFF1B19467D2C00F52E38 /* HBFeedController.m */ = {isa = PBXFileReference; fileEncoding = 4; lastKnownFileType = sourcecode.c.objc; name = HBFeedController.m; path = Controllers/Feed/HBFeedController.m; sourceTree = "<group>"; };
		946DFF1E19467F1100F52E38 /* HBHackCell.h */ = {isa = PBXFileReference; fileEncoding = 4; lastKnownFileType = sourcecode.c.h; name = HBHackCell.h; path = "Utilities/Hack Cell/HBHackCell.h"; sourceTree = "<group>"; };
		946DFF1F19467F1100F52E38 /* HBHackCell.m */ = {isa = PBXFileReference; fileEncoding = 4; lastKnownFileType = sourcecode.c.objc; name = HBHackCell.m; path = "Utilities/Hack Cell/HBHackCell.m"; sourceTree = "<group>"; };
		947996721944B2540040C71F /* Reachability.h */ = {isa = PBXFileReference; fileEncoding = 4; lastKnownFileType = sourcecode.c.h; path = Reachability.h; sourceTree = "<group>"; };
		947996731944B2540040C71F /* Reachability.m */ = {isa = PBXFileReference; fileEncoding = 4; lastKnownFileType = sourcecode.c.objc; path = Reachability.m; sourceTree = "<group>"; };
		947996D61944B3270040C71F /* libxml2.2.dylib */ = {isa = PBXFileReference; lastKnownFileType = "compiled.mach-o.dylib"; name = libxml2.2.dylib; path = usr/lib/libxml2.2.dylib; sourceTree = SDKROOT; };
		949BFA9E19423DA6004B94A6 /* HackerBracket.app */ = {isa = PBXFileReference; explicitFileType = wrapper.application; includeInIndex = 0; path = HackerBracket.app; sourceTree = BUILT_PRODUCTS_DIR; };
		949BFAA219423DA6004B94A6 /* Info.plist */ = {isa = PBXFileReference; lastKnownFileType = text.plist.xml; path = Info.plist; sourceTree = "<group>"; };
		949BFAA319423DA6004B94A6 /* main.m */ = {isa = PBXFileReference; lastKnownFileType = sourcecode.c.objc; path = main.m; sourceTree = "<group>"; };
		949BFAA519423DA6004B94A6 /* AppDelegate.h */ = {isa = PBXFileReference; lastKnownFileType = sourcecode.c.h; path = AppDelegate.h; sourceTree = "<group>"; };
		949BFAA619423DA6004B94A6 /* AppDelegate.m */ = {isa = PBXFileReference; lastKnownFileType = sourcecode.c.objc; path = AppDelegate.m; sourceTree = "<group>"; };
		949BFAAC19423DA6004B94A6 /* Base */ = {isa = PBXFileReference; lastKnownFileType = file.storyboard; name = Base; path = Base.lproj/Main.storyboard; sourceTree = "<group>"; };
		949BFAAE19423DA6004B94A6 /* images.xcassets */ = {isa = PBXFileReference; lastKnownFileType = folder.assetcatalog; path = images.xcassets; sourceTree = "<group>"; };
		949BFAB419423DA6004B94A6 /* HackerBracketTests.xctest */ = {isa = PBXFileReference; explicitFileType = wrapper.cfbundle; includeInIndex = 0; path = HackerBracketTests.xctest; sourceTree = BUILT_PRODUCTS_DIR; };
		949BFAB919423DA6004B94A6 /* Info.plist */ = {isa = PBXFileReference; lastKnownFileType = text.plist.xml; path = Info.plist; sourceTree = "<group>"; };
		949BFABA19423DA6004B94A6 /* HackerBracketTests.m */ = {isa = PBXFileReference; lastKnownFileType = sourcecode.c.objc; path = HackerBracketTests.m; sourceTree = "<group>"; };
		949BFACB19423E01004B94A6 /* HBUser.h */ = {isa = PBXFileReference; fileEncoding = 4; lastKnownFileType = sourcecode.c.h; name = HBUser.h; path = API/User/HBUser.h; sourceTree = "<group>"; };
		949BFACC19423E01004B94A6 /* HBUser.m */ = {isa = PBXFileReference; fileEncoding = 4; lastKnownFileType = sourcecode.c.objc; name = HBUser.m; path = API/User/HBUser.m; sourceTree = "<group>"; };
		949BFACF19423E10004B94A6 /* HBHack.h */ = {isa = PBXFileReference; fileEncoding = 4; lastKnownFileType = sourcecode.c.h; name = HBHack.h; path = API/Hack/HBHack.h; sourceTree = "<group>"; };
		949BFAD019423E10004B94A6 /* HBHack.m */ = {isa = PBXFileReference; fileEncoding = 4; lastKnownFileType = sourcecode.c.objc; name = HBHack.m; path = API/Hack/HBHack.m; sourceTree = "<group>"; };
		949BFAD319423EF7004B94A6 /* HackerBracket.h */ = {isa = PBXFileReference; fileEncoding = 4; lastKnownFileType = sourcecode.c.h; name = HackerBracket.h; path = API/HackerBracket.h; sourceTree = "<group>"; };
		949BFAD419423EF7004B94A6 /* HackerBracket.m */ = {isa = PBXFileReference; fileEncoding = 4; lastKnownFileType = sourcecode.c.objc; name = HackerBracket.m; path = API/HackerBracket.m; sourceTree = "<group>"; };
		949BFBF619424242004B94A6 /* CFNetwork.framework */ = {isa = PBXFileReference; lastKnownFileType = wrapper.framework; name = CFNetwork.framework; path = System/Library/Frameworks/CFNetwork.framework; sourceTree = SDKROOT; };
		949BFBFA1942424C004B94A6 /* MobileCoreServices.framework */ = {isa = PBXFileReference; lastKnownFileType = wrapper.framework; name = MobileCoreServices.framework; path = System/Library/Frameworks/MobileCoreServices.framework; sourceTree = SDKROOT; };
		949BFBFC19424254004B94A6 /* SystemConfiguration.framework */ = {isa = PBXFileReference; lastKnownFileType = wrapper.framework; name = SystemConfiguration.framework; path = System/Library/Frameworks/SystemConfiguration.framework; sourceTree = SDKROOT; };
		C70295B083E34E759265CB83 /* Pods.xcconfig */ = {isa = PBXFileReference; includeInIndex = 1; lastKnownFileType = text.xcconfig; name = Pods.xcconfig; path = Pods/Pods.xcconfig; sourceTree = "<group>"; };
/* End PBXFileReference section */

/* Begin PBXFrameworksBuildPhase section */
		949BFA9B19423DA6004B94A6 /* Frameworks */ = {
			isa = PBXFrameworksBuildPhase;
			buildActionMask = 2147483647;
			files = (
				8BC0ACA5197E7C1500B3384B /* AVFoundation.framework in Frameworks */,
				941164A21944B0A200EF8681 /* SystemConfiguration.framework in Frameworks */,
				8BC0ACAB197E7C3500B3384B /* QuartzCore.framework in Frameworks */,
				8BC0ACA9197E7C2D00B3384B /* CoreVideo.framework in Frameworks */,
				8BC0ACA7197E7C2300B3384B /* CoreMedia.framework in Frameworks */,
				941164A51944B0AE00EF8681 /* CoreGraphics.framework in Frameworks */,
				8BC0ACA3197E7BBD00B3384B /* Appsee.framework in Frameworks */,
				8BF601EF19637FC70075E183 /* MediaPlayer.framework in Frameworks */,
				8BFB065219635D710003D3F5 /* Foundation.framework in Frameworks */,
				947996D71944B3270040C71F /* libxml2.2.dylib in Frameworks */,
				941164A71944B0BE00EF8681 /* libz.dylib in Frameworks */,
				941164A31944B0A600EF8681 /* MobileCoreServices.framework in Frameworks */,
				941164A11944B09B00EF8681 /* CFNetwork.framework in Frameworks */,
				8FC6C80E746841FA918F9094 /* libPods.a in Frameworks */,
			);
			runOnlyForDeploymentPostprocessing = 0;
		};
		949BFAB119423DA6004B94A6 /* Frameworks */ = {
			isa = PBXFrameworksBuildPhase;
			buildActionMask = 2147483647;
			files = (
			);
			runOnlyForDeploymentPostprocessing = 0;
		};
/* End PBXFrameworksBuildPhase section */

/* Begin PBXGroup section */
		021435481998B77700098370 /* YoutubeParsing */ = {
			isa = PBXGroup;
			children = (
				021435491998B79500098370 /* HCYoutubeParser.h */,
				0214354A1998B79500098370 /* HCYoutubeParser.m */,
			);
			name = YoutubeParsing;
			sourceTree = "<group>";
		};
		3E462AAE1C8145DDBEAEBCDD /* Frameworks */ = {
			isa = PBXGroup;
			children = (
				8BC0ACAA197E7C3500B3384B /* QuartzCore.framework */,
				8BC0ACA8197E7C2D00B3384B /* CoreVideo.framework */,
				8BC0ACA6197E7C2300B3384B /* CoreMedia.framework */,
				8BC0ACA4197E7C1500B3384B /* AVFoundation.framework */,
				0D40B9DDC7584D16A900E144 /* libPods.a */,
			);
			name = Frameworks;
			sourceTree = "<group>";
		};
		8B06F7951978914B00C9CFED /* App Icon Files */ = {
			isa = PBXGroup;
			children = (
				8B06F7961978914B00C9CFED /* Icon-60.png */,
				8B06F7971978914B00C9CFED /* Icon-60@2x.png */,
				8B06F7981978914B00C9CFED /* Icon-72.png */,
				8B06F7991978914B00C9CFED /* Icon-72@2x.png */,
				8B06F79A1978914B00C9CFED /* Icon-76.png */,
				8B06F79B1978914B00C9CFED /* Icon-76@2x.png */,
				8B06F79C1978914B00C9CFED /* Icon-Small-50.png */,
				8B06F79D1978914B00C9CFED /* Icon-Small-50@2x.png */,
				8B06F79E1978914B00C9CFED /* Icon-Small.png */,
				8B06F79F1978914B00C9CFED /* Icon-Small@2x.png */,
				8B06F7A01978914B00C9CFED /* Icon-Spotlight-40.png */,
				8B06F7A11978914B00C9CFED /* Icon-Spotlight-40@2x.png */,
				8B06F7A21978914B00C9CFED /* Icon.png */,
				8B06F7A31978914B00C9CFED /* Icon@2x.png */,
				8B06F7A41978914B00C9CFED /* iTunesArtwork */,
				8B06F7A51978914B00C9CFED /* iTunesArtwork@2x */,
			);
			path = "App Icon Files";
			sourceTree = "<group>";
		};
		8B5E761119634E6D00BB1986 /* Record */ = {
			isa = PBXGroup;
			children = (
				8B5E761219634E8900BB1986 /* HBRecordViewController.h */,
				8B5E761319634E8900BB1986 /* HBRecordViewController.m */,
			);
			name = Record;
			sourceTree = "<group>";
		};
		8B5EFC49196A010A001E3D57 /* Cells */ = {
			isa = PBXGroup;
			children = (
				8B5EFC4A196A0129001E3D57 /* HBBioTableViewCell.h */,
				8B5EFC4B196A0129001E3D57 /* HBBioTableViewCell.m */,
				8B5EFC4D196A07FF001E3D57 /* HBDarkTableViewCell.h */,
				8B5EFC4E196A07FF001E3D57 /* HBDarkTableViewCell.m */,
				8B5EFC50196A7DEE001E3D57 /* HBLightTableViewCell.h */,
				8B5EFC51196A7DEE001E3D57 /* HBLightTableViewCell.m */,
				8B5EFC53196A8190001E3D57 /* HBHackTableViewCell.h */,
				8B5EFC54196A8190001E3D57 /* HBHackTableViewCell.m */,
			);
			name = Cells;
			sourceTree = "<group>";
		};
		8BA4EC7819636ABE002FBD81 /* Hack */ = {
			isa = PBXGroup;
			children = (
				8BA4EC7F19636AF8002FBD81 /* Cells */,
				8BA4EC7919636AD8002FBD81 /* HBHackViewController.h */,
				8BA4EC7A19636AD8002FBD81 /* HBHackViewController.m */,
			);
			name = Hack;
			sourceTree = "<group>";
		};
		8BA4EC7F19636AF8002FBD81 /* Cells */ = {
			isa = PBXGroup;
			children = (
				8BA4EC8319636B1C002FBD81 /* HBTitleTableViewCell.h */,
				8BA4EC8419636B1C002FBD81 /* HBTitleTableViewCell.m */,
				8BA4EC8019636B07002FBD81 /* HBCommentTableViewCell.h */,
				8BA4EC8119636B07002FBD81 /* HBCommentTableViewCell.m */,
				8BA4EC8619636B3E002FBD81 /* HBUserTableViewCell.h */,
				8BA4EC8719636B3E002FBD81 /* HBUserTableViewCell.m */,
				8BA4EC8919636B4E002FBD81 /* HBLikesTableViewCell.h */,
				8BA4EC8A19636B4E002FBD81 /* HBLikesTableViewCell.m */,
				8BEE3BE61964A8500057B7D0 /* HBNewCommentTableViewCell.h */,
				8BEE3BE71964A8500057B7D0 /* HBNewCommentTableViewCell.m */,
				8B52058019727B5500A4BA93 /* HBVideoTableViewCell.h */,
				8B52058119727B5500A4BA93 /* HBVideoTableViewCell.m */,
			);
			name = Cells;
			sourceTree = "<group>";
		};
		8BC8A252196A8B7B0058E6BE /* Browser */ = {
			isa = PBXGroup;
			children = (
				8BC8A253196A8B920058E6BE /* HBWebViewController.h */,
				8BC8A254196A8B920058E6BE /* HBWebViewController.m */,
			);
			name = Browser;
			sourceTree = "<group>";
		};
		8BE29AD019666A9B00502666 /* Follow */ = {
			isa = PBXGroup;
			children = (
				8BE29ACD19666A3900502666 /* HBFollow.h */,
				8BE29ACE19666A3900502666 /* HBFollow.m */,
			);
			name = Follow;
			sourceTree = "<group>";
		};
		8BE29AD11966839600502666 /* Comment */ = {
			isa = PBXGroup;
			children = (
				8BE29AD2196683A200502666 /* HBComment.h */,
				8BE29AD3196683A200502666 /* HBComment.m */,
			);
			name = Comment;
			sourceTree = "<group>";
		};
		8BEE3BEC1964C0C30057B7D0 /* Profile */ = {
			isa = PBXGroup;
			children = (
				8BC8A252196A8B7B0058E6BE /* Browser */,
				8BEE3BF51964C2F80057B7D0 /* Follows */,
				8BEE3BF41964C2E80057B7D0 /* Edit */,
				8BEE3BF31964C2DE0057B7D0 /* Profile */,
			);
			name = Profile;
			sourceTree = "<group>";
		};
		8BEE3BF31964C2DE0057B7D0 /* Profile */ = {
			isa = PBXGroup;
			children = (
				8B5EFC49196A010A001E3D57 /* Cells */,
				8BEE3BE91964C0BC0057B7D0 /* HBProfileViewController.h */,
				8BEE3BEA1964C0BC0057B7D0 /* HBProfileViewController.m */,
			);
			name = Profile;
			sourceTree = "<group>";
		};
		8BEE3BF41964C2E80057B7D0 /* Edit */ = {
			isa = PBXGroup;
			children = (
				8BEE3BED1964C0E00057B7D0 /* HBProfileEditTableViewController.h */,
				8BEE3BEE1964C0E00057B7D0 /* HBProfileEditTableViewController.m */,
				8BEE3BF01964C2D70057B7D0 /* HBProfileEditTableViewCell.h */,
				8BEE3BF11964C2D70057B7D0 /* HBProfileEditTableViewCell.m */,
			);
			name = Edit;
			sourceTree = "<group>";
		};
		8BEE3BF51964C2F80057B7D0 /* Follows */ = {
			isa = PBXGroup;
			children = (
				8BE29AC71965466800502666 /* HBFollowTableViewController.h */,
				8BE29AC81965466800502666 /* HBFollowTableViewController.m */,
				8BE29ACA196546DF00502666 /* HBFollowTableViewCell.h */,
				8BE29ACB196546DF00502666 /* HBFollowTableViewCell.m */,
			);
			name = Follows;
			sourceTree = "<group>";
		};
		8BEEB96619785A2E00D623A6 /* Notifications */ = {
			isa = PBXGroup;
			children = (
				8BEEB96D19785B6700D623A6 /* HBNotificationsTableViewController.h */,
				8BEEB96E19785B6700D623A6 /* HBNotificationsTableViewController.m */,
				8BEEB97019785B9A00D623A6 /* HBNotificationsTableViewCell.h */,
				8BEEB97119785B9A00D623A6 /* HBNotificationsTableViewCell.m */,
			);
			name = Notifications;
			sourceTree = "<group>";
		};
		8BEEB97319785C0C00D623A6 /* Notification */ = {
			isa = PBXGroup;
			children = (
				8BEEB97419785C3200D623A6 /* HBNotification.h */,
				8BEEB97519785C3200D623A6 /* HBNotification.m */,
			);
			name = Notification;
			sourceTree = "<group>";
		};
		8BF0EDAD194D0A3200971BCE /* Login */ = {
			isa = PBXGroup;
			children = (
				8BF0EDAE194D0A3F00971BCE /* HBLoginViewController.h */,
				8BF0EDAF194D0A3F00971BCE /* HBLoginViewController.m */,
			);
			name = Login;
			sourceTree = "<group>";
		};
		8BF0EDB1194D343800971BCE /* Keychain */ = {
			isa = PBXGroup;
			children = (
				8BF0EDB2194D345C00971BCE /* KeychainItemWrapper.h */,
				8BF0EDB3194D345C00971BCE /* KeychainItemWrapper.m */,
			);
			name = Keychain;
			sourceTree = "<group>";
		};
		94546A0A1947CE18008F8743 /* SDWebImage */ = {
			isa = PBXGroup;
			children = (
				94546A0B1947CE18008F8743 /* MKAnnotationView+WebCache.h */,
				94546A0C1947CE18008F8743 /* MKAnnotationView+WebCache.m */,
				94546A0D1947CE18008F8743 /* NSData+ImageContentType.h */,
				94546A0E1947CE18008F8743 /* NSData+ImageContentType.m */,
				94546A0F1947CE18008F8743 /* SDImageCache.h */,
				94546A101947CE18008F8743 /* SDImageCache.m */,
				94546A111947CE18008F8743 /* SDWebImageCompat.h */,
				94546A121947CE18008F8743 /* SDWebImageCompat.m */,
				94546A131947CE18008F8743 /* SDWebImageDecoder.h */,
				94546A141947CE18008F8743 /* SDWebImageDecoder.m */,
				94546A151947CE18008F8743 /* SDWebImageDownloader.h */,
				94546A161947CE18008F8743 /* SDWebImageDownloader.m */,
				94546A171947CE18008F8743 /* SDWebImageDownloaderOperation.h */,
				94546A181947CE18008F8743 /* SDWebImageDownloaderOperation.m */,
				94546A191947CE18008F8743 /* SDWebImageManager.h */,
				94546A1A1947CE18008F8743 /* SDWebImageManager.m */,
				94546A1B1947CE18008F8743 /* SDWebImageOperation.h */,
				94546A1C1947CE18008F8743 /* SDWebImagePrefetcher.h */,
				94546A1D1947CE18008F8743 /* SDWebImagePrefetcher.m */,
				94546A1E1947CE18008F8743 /* UIButton+WebCache.h */,
				94546A1F1947CE18008F8743 /* UIButton+WebCache.m */,
				94546A201947CE18008F8743 /* UIImage+GIF.h */,
				94546A211947CE18008F8743 /* UIImage+GIF.m */,
				94546A221947CE18008F8743 /* UIImage+MultiFormat.h */,
				94546A231947CE18008F8743 /* UIImage+MultiFormat.m */,
				94546A241947CE18008F8743 /* UIImage+WebP.h */,
				94546A251947CE18008F8743 /* UIImage+WebP.m */,
				94546A261947CE18008F8743 /* UIImageView+HighlightedWebCache.h */,
				94546A271947CE18008F8743 /* UIImageView+HighlightedWebCache.m */,
				94546A281947CE18008F8743 /* UIImageView+WebCache.h */,
				94546A291947CE18008F8743 /* UIImageView+WebCache.m */,
			);
			name = SDWebImage;
			path = Libraries/SDWebImage;
			sourceTree = SOURCE_ROOT;
		};
		94546A391947E06A008F8743 /* Resources */ = {
			isa = PBXGroup;
			children = (
				94546A3A1947E06A008F8743 /* Fonts */,
			);
			path = Resources;
			sourceTree = SOURCE_ROOT;
		};
		94546A3A1947E06A008F8743 /* Fonts */ = {
			isa = PBXGroup;
			children = (
				94546A3B1947E06A008F8743 /* AvenirNextLTPro-Medium.otf */,
				94546A3C1947E06A008F8743 /* AvenirNextLTPro-Regular.otf */,
			);
			path = Fonts;
			sourceTree = "<group>";
		};
		946DFF1919467D1100F52E38 /* Feed */ = {
			isa = PBXGroup;
			children = (
				8BEEB96619785A2E00D623A6 /* Notifications */,
				946DFF1E19467F1100F52E38 /* HBHackCell.h */,
				946DFF1F19467F1100F52E38 /* HBHackCell.m */,
				8B7B606D199830AB0096E1E2 /* HBHackCellCommentsTableView.h */,
				8B7B606E199830AB0096E1E2 /* HBHackCellCommentsTableView.m */,
				946DFF1A19467D2C00F52E38 /* HBFeedController.h */,
				946DFF1B19467D2C00F52E38 /* HBFeedController.m */,
			);
			name = Feed;
			sourceTree = "<group>";
		};
		947996711944B2540040C71F /* Reachability */ = {
			isa = PBXGroup;
			children = (
				947996721944B2540040C71F /* Reachability.h */,
				947996731944B2540040C71F /* Reachability.m */,
			);
			name = Reachability;
			path = Libraries/Reachability;
			sourceTree = SOURCE_ROOT;
		};
		949BFA9519423DA6004B94A6 = {
			isa = PBXGroup;
			children = (
				8BF601EE19637FC70075E183 /* MediaPlayer.framework */,
				8BFB065119635D710003D3F5 /* Foundation.framework */,
				949BFAA019423DA6004B94A6 /* HackerBracket */,
				949BFAB719423DA6004B94A6 /* HackerBracketTests */,
				949BFA9F19423DA6004B94A6 /* Products */,
				8B63BCD719783A770062680C /* Podfile */,
				C70295B083E34E759265CB83 /* Pods.xcconfig */,
				3E462AAE1C8145DDBEAEBCDD /* Frameworks */,
			);
			sourceTree = "<group>";
		};
		949BFA9F19423DA6004B94A6 /* Products */ = {
			isa = PBXGroup;
			children = (
				949BFA9E19423DA6004B94A6 /* HackerBracket.app */,
				949BFAB419423DA6004B94A6 /* HackerBracketTests.xctest */,
			);
			name = Products;
			sourceTree = "<group>";
		};
		949BFAA019423DA6004B94A6 /* HackerBracket */ = {
			isa = PBXGroup;
			children = (
				94546A391947E06A008F8743 /* Resources */,
				949BFAC419423DAE004B94A6 /* Delegate */,
				949BFC001942425F004B94A6 /* Frameworks */,
				949BFAD619423F94004B94A6 /* Libraries */,
				949BFAC619423DC0004B94A6 /* API */,
				949BFAC519423DB4004B94A6 /* Controllers */,
				949BFAAB19423DA6004B94A6 /* Main.storyboard */,
				949BFAAE19423DA6004B94A6 /* images.xcassets */,
				949BFAA119423DA6004B94A6 /* Supporting Files */,
			);
			path = HackerBracket;
			sourceTree = "<group>";
		};
		949BFAA119423DA6004B94A6 /* Supporting Files */ = {
			isa = PBXGroup;
			children = (
				8BC0ACA2197E7BBD00B3384B /* Appsee.framework */,
				8B06F7951978914B00C9CFED /* App Icon Files */,
				8BB9F5141977A2DD004F3220 /* hellllllyeah.m4a */,
				949BFAA219423DA6004B94A6 /* Info.plist */,
				949BFAA319423DA6004B94A6 /* main.m */,
			);
			name = "Supporting Files";
			sourceTree = "<group>";
		};
		949BFAB719423DA6004B94A6 /* HackerBracketTests */ = {
			isa = PBXGroup;
			children = (
				949BFABA19423DA6004B94A6 /* HackerBracketTests.m */,
				949BFAB819423DA6004B94A6 /* Supporting Files */,
			);
			path = HackerBracketTests;
			sourceTree = "<group>";
		};
		949BFAB819423DA6004B94A6 /* Supporting Files */ = {
			isa = PBXGroup;
			children = (
				949BFAB919423DA6004B94A6 /* Info.plist */,
			);
			name = "Supporting Files";
			sourceTree = "<group>";
		};
		949BFAC419423DAE004B94A6 /* Delegate */ = {
			isa = PBXGroup;
			children = (
				949BFAA519423DA6004B94A6 /* AppDelegate.h */,
				949BFAA619423DA6004B94A6 /* AppDelegate.m */,
			);
			name = Delegate;
			sourceTree = "<group>";
		};
		949BFAC519423DB4004B94A6 /* Controllers */ = {
			isa = PBXGroup;
			children = (
				8BEE3BEC1964C0C30057B7D0 /* Profile */,
				8BA4EC7819636ABE002FBD81 /* Hack */,
				8B5E761119634E6D00BB1986 /* Record */,
				8BF0EDAD194D0A3200971BCE /* Login */,
				946DFF1919467D1100F52E38 /* Feed */,
			);
			name = Controllers;
			sourceTree = "<group>";
		};
		949BFAC619423DC0004B94A6 /* API */ = {
			isa = PBXGroup;
			children = (
				8BE29AD11966839600502666 /* Comment */,
				8BE29AD019666A9B00502666 /* Follow */,
				949BFACE19423E03004B94A6 /* Hack */,
				8BEEB97319785C0C00D623A6 /* Notification */,
				949BFACA19423DF2004B94A6 /* User */,
				949BFAD319423EF7004B94A6 /* HackerBracket.h */,
				949BFAD419423EF7004B94A6 /* HackerBracket.m */,
			);
			name = API;
			sourceTree = "<group>";
		};
		949BFACA19423DF2004B94A6 /* User */ = {
			isa = PBXGroup;
			children = (
				949BFACB19423E01004B94A6 /* HBUser.h */,
				949BFACC19423E01004B94A6 /* HBUser.m */,
			);
			name = User;
			sourceTree = "<group>";
		};
		949BFACE19423E03004B94A6 /* Hack */ = {
			isa = PBXGroup;
			children = (
				949BFACF19423E10004B94A6 /* HBHack.h */,
				949BFAD019423E10004B94A6 /* HBHack.m */,
			);
			name = Hack;
			sourceTree = "<group>";
		};
		949BFAD619423F94004B94A6 /* Libraries */ = {
			isa = PBXGroup;
			children = (
				021435481998B77700098370 /* YoutubeParsing */,
				8BF0EDB1194D343800971BCE /* Keychain */,
				94546A0A1947CE18008F8743 /* SDWebImage */,
				947996711944B2540040C71F /* Reachability */,
			);
			name = Libraries;
			sourceTree = "<group>";
		};
		949BFC001942425F004B94A6 /* Frameworks */ = {
			isa = PBXGroup;
			children = (
				947996D61944B3270040C71F /* libxml2.2.dylib */,
				941164A61944B0BE00EF8681 /* libz.dylib */,
				941164A41944B0AE00EF8681 /* CoreGraphics.framework */,
				949BFBFC19424254004B94A6 /* SystemConfiguration.framework */,
				949BFBFA1942424C004B94A6 /* MobileCoreServices.framework */,
				949BFBF619424242004B94A6 /* CFNetwork.framework */,
			);
			name = Frameworks;
			sourceTree = "<group>";
		};
/* End PBXGroup section */

/* Begin PBXNativeTarget section */
		949BFA9D19423DA6004B94A6 /* HackerBracket */ = {
			isa = PBXNativeTarget;
			buildConfigurationList = 949BFABE19423DA6004B94A6 /* Build configuration list for PBXNativeTarget "HackerBracket" */;
			buildPhases = (
				28615357093D4F71B71B6D5C /* Check Pods Manifest.lock */,
				949BFA9A19423DA6004B94A6 /* Sources */,
				949BFA9B19423DA6004B94A6 /* Frameworks */,
				949BFA9C19423DA6004B94A6 /* Resources */,
				22C155DAFAB74E99B30877B9 /* Copy Pods Resources */,
			);
			buildRules = (
			);
			dependencies = (
			);
			name = HackerBracket;
			productName = HackerBracket;
			productReference = 949BFA9E19423DA6004B94A6 /* HackerBracket.app */;
			productType = "com.apple.product-type.application";
		};
		949BFAB319423DA6004B94A6 /* HackerBracketTests */ = {
			isa = PBXNativeTarget;
			buildConfigurationList = 949BFAC119423DA6004B94A6 /* Build configuration list for PBXNativeTarget "HackerBracketTests" */;
			buildPhases = (
				949BFAB019423DA6004B94A6 /* Sources */,
				949BFAB119423DA6004B94A6 /* Frameworks */,
				949BFAB219423DA6004B94A6 /* Resources */,
			);
			buildRules = (
			);
			dependencies = (
				949BFAB619423DA6004B94A6 /* PBXTargetDependency */,
				8BF0EDB6194D34BA00971BCE /* PBXTargetDependency */,
				8BFB065019635D630003D3F5 /* PBXTargetDependency */,
				8BFB065419635D810003D3F5 /* PBXTargetDependency */,
			);
			name = HackerBracketTests;
			productName = HackerBracketTests;
			productReference = 949BFAB419423DA6004B94A6 /* HackerBracketTests.xctest */;
			productType = "com.apple.product-type.bundle.unit-test";
		};
/* End PBXNativeTarget section */

/* Begin PBXProject section */
		949BFA9619423DA6004B94A6 /* Project object */ = {
			isa = PBXProject;
			attributes = {
				LastUpgradeCheck = 0600;
				ORGANIZATIONNAME = HackerBracket;
				TargetAttributes = {
					949BFA9D19423DA6004B94A6 = {
						CreatedOnToolsVersion = 6.0;
						DevelopmentTeam = 2KNG4HMAX6;
					};
					949BFAB319423DA6004B94A6 = {
						CreatedOnToolsVersion = 6.0;
						TestTargetID = 949BFA9D19423DA6004B94A6;
					};
				};
			};
			buildConfigurationList = 949BFA9919423DA6004B94A6 /* Build configuration list for PBXProject "HackerBracket" */;
			compatibilityVersion = "Xcode 3.2";
			developmentRegion = English;
			hasScannedForEncodings = 0;
			knownRegions = (
				en,
				Base,
			);
			mainGroup = 949BFA9519423DA6004B94A6;
			productRefGroup = 949BFA9F19423DA6004B94A6 /* Products */;
			projectDirPath = "";
			projectRoot = "";
			targets = (
				949BFA9D19423DA6004B94A6 /* HackerBracket */,
				949BFAB319423DA6004B94A6 /* HackerBracketTests */,
			);
		};
/* End PBXProject section */

/* Begin PBXResourcesBuildPhase section */
		949BFA9C19423DA6004B94A6 /* Resources */ = {
			isa = PBXResourcesBuildPhase;
			buildActionMask = 2147483647;
			files = (
				8B06F7B21978914B00C9CFED /* Icon.png in Resources */,
				8BB9F5151977A47A004F3220 /* hellllllyeah.m4a in Resources */,
				94546A3D1947E06A008F8743 /* AvenirNextLTPro-Medium.otf in Resources */,
				8B06F7B41978914B00C9CFED /* iTunesArtwork in Resources */,
				8B06F7A91978914B00C9CFED /* Icon-72@2x.png in Resources */,
				8B06F7AF1978914B00C9CFED /* Icon-Small@2x.png in Resources */,
				8B06F7A61978914B00C9CFED /* Icon-60.png in Resources */,
				8B06F7A71978914B00C9CFED /* Icon-60@2x.png in Resources */,
				8B06F7AB1978914B00C9CFED /* Icon-76@2x.png in Resources */,
				8B06F7B51978914B00C9CFED /* iTunesArtwork@2x in Resources */,
				949BFAAD19423DA6004B94A6 /* Main.storyboard in Resources */,
				8B06F7A81978914B00C9CFED /* Icon-72.png in Resources */,
				8B06F7AE1978914B00C9CFED /* Icon-Small.png in Resources */,
				8B06F7AA1978914B00C9CFED /* Icon-76.png in Resources */,
				8B06F7AD1978914B00C9CFED /* Icon-Small-50@2x.png in Resources */,
				8B06F7AC1978914B00C9CFED /* Icon-Small-50.png in Resources */,
				8B06F7B01978914B00C9CFED /* Icon-Spotlight-40.png in Resources */,
				8B06F7B31978914B00C9CFED /* Icon@2x.png in Resources */,
				8B06F7B11978914B00C9CFED /* Icon-Spotlight-40@2x.png in Resources */,
				949BFAAF19423DA6004B94A6 /* images.xcassets in Resources */,
				94546A3E1947E06A008F8743 /* AvenirNextLTPro-Regular.otf in Resources */,
			);
			runOnlyForDeploymentPostprocessing = 0;
		};
		949BFAB219423DA6004B94A6 /* Resources */ = {
			isa = PBXResourcesBuildPhase;
			buildActionMask = 2147483647;
			files = (
				8BC8A251196A89180058E6BE /* images.xcassets in Resources */,
			);
			runOnlyForDeploymentPostprocessing = 0;
		};
/* End PBXResourcesBuildPhase section */

/* Begin PBXShellScriptBuildPhase section */
		22C155DAFAB74E99B30877B9 /* Copy Pods Resources */ = {
			isa = PBXShellScriptBuildPhase;
			buildActionMask = 2147483647;
			files = (
			);
			inputPaths = (
			);
			name = "Copy Pods Resources";
			outputPaths = (
			);
			runOnlyForDeploymentPostprocessing = 0;
			shellPath = /bin/sh;
			shellScript = "\"${SRCROOT}/Pods/Pods-resources.sh\"\n";
			showEnvVarsInLog = 0;
		};
		28615357093D4F71B71B6D5C /* Check Pods Manifest.lock */ = {
			isa = PBXShellScriptBuildPhase;
			buildActionMask = 2147483647;
			files = (
			);
			inputPaths = (
			);
			name = "Check Pods Manifest.lock";
			outputPaths = (
			);
			runOnlyForDeploymentPostprocessing = 0;
			shellPath = /bin/sh;
			shellScript = "diff \"${PODS_ROOT}/../Podfile.lock\" \"${PODS_ROOT}/Manifest.lock\" > /dev/null\nif [[ $? != 0 ]] ; then\n    cat << EOM\nerror: The sandbox is not in sync with the Podfile.lock. Run 'pod install' or update your CocoaPods installation.\nEOM\n    exit 1\nfi\n";
			showEnvVarsInLog = 0;
		};
/* End PBXShellScriptBuildPhase section */

/* Begin PBXSourcesBuildPhase section */
		949BFA9A19423DA6004B94A6 /* Sources */ = {
			isa = PBXSourcesBuildPhase;
			buildActionMask = 2147483647;
			files = (
				8B5EFC4C196A0129001E3D57 /* HBBioTableViewCell.m in Sources */,
				8B5EFC4F196A07FF001E3D57 /* HBDarkTableViewCell.m in Sources */,
				8BEE3BF21964C2D70057B7D0 /* HBProfileEditTableViewCell.m in Sources */,
				949BFAD119423E10004B94A6 /* HBHack.m in Sources */,
				94546A371947CE18008F8743 /* UIImageView+HighlightedWebCache.m in Sources */,
				949BFAA719423DA6004B94A6 /* AppDelegate.m in Sources */,
				8BE29AD4196683A200502666 /* HBComment.m in Sources */,
				8BEEB97219785B9A00D623A6 /* HBNotificationsTableViewCell.m in Sources */,
				8BEE3BE81964A8500057B7D0 /* HBNewCommentTableViewCell.m in Sources */,
				8BEEB96F19785B6700D623A6 /* HBNotificationsTableViewController.m in Sources */,
				949BFAA419423DA6004B94A6 /* main.m in Sources */,
				94546A311947CE18008F8743 /* SDWebImageManager.m in Sources */,
				94546A2E1947CE18008F8743 /* SDWebImageDecoder.m in Sources */,
				94546A321947CE18008F8743 /* SDWebImagePrefetcher.m in Sources */,
				94546A381947CE18008F8743 /* UIImageView+WebCache.m in Sources */,
				946DFF1C19467D2C00F52E38 /* HBFeedController.m in Sources */,
				8BEE3BEF1964C0E00057B7D0 /* HBProfileEditTableViewController.m in Sources */,
				949BFAD519423EF7004B94A6 /* HackerBracket.m in Sources */,
				8BEE3BEB1964C0BC0057B7D0 /* HBProfileViewController.m in Sources */,
				8B5EFC55196A8190001E3D57 /* HBHackTableViewCell.m in Sources */,
				8BF0EDB4194D345C00971BCE /* KeychainItemWrapper.m in Sources */,
				94546A341947CE18008F8743 /* UIImage+GIF.m in Sources */,
				94546A361947CE18008F8743 /* UIImage+WebP.m in Sources */,
				8BA4EC7B19636AD8002FBD81 /* HBHackViewController.m in Sources */,
				94546A2B1947CE18008F8743 /* NSData+ImageContentType.m in Sources */,
				94546A2D1947CE18008F8743 /* SDWebImageCompat.m in Sources */,
				8B5E761419634E8900BB1986 /* HBRecordViewController.m in Sources */,
				9479968A1944B2540040C71F /* Reachability.m in Sources */,
				8BEEB97619785C3200D623A6 /* HBNotification.m in Sources */,
				8BA4EC8819636B3E002FBD81 /* HBUserTableViewCell.m in Sources */,
				8BE29ACF19666A3900502666 /* HBFollow.m in Sources */,
				94546A2C1947CE18008F8743 /* SDImageCache.m in Sources */,
				94546A2F1947CE18008F8743 /* SDWebImageDownloader.m in Sources */,
				8B52058219727B5500A4BA93 /* HBVideoTableViewCell.m in Sources */,
				8B5EFC52196A7DEF001E3D57 /* HBLightTableViewCell.m in Sources */,
				8BA4EC8219636B07002FBD81 /* HBCommentTableViewCell.m in Sources */,
				8BE29ACC196546DF00502666 /* HBFollowTableViewCell.m in Sources */,
				94546A351947CE18008F8743 /* UIImage+MultiFormat.m in Sources */,
				8BF0EDB0194D0A3F00971BCE /* HBLoginViewController.m in Sources */,
				8BA4EC8519636B1C002FBD81 /* HBTitleTableViewCell.m in Sources */,
				94546A331947CE18008F8743 /* UIButton+WebCache.m in Sources */,
				8BC8A255196A8B920058E6BE /* HBWebViewController.m in Sources */,
				94546A2A1947CE18008F8743 /* MKAnnotationView+WebCache.m in Sources */,
				0214354B1998B79500098370 /* HCYoutubeParser.m in Sources */,
				8B7B606F199830AB0096E1E2 /* HBHackCellCommentsTableView.m in Sources */,
				94546A301947CE18008F8743 /* SDWebImageDownloaderOperation.m in Sources */,
				949BFACD19423E01004B94A6 /* HBUser.m in Sources */,
				946DFF2019467F1100F52E38 /* HBHackCell.m in Sources */,
				8BA4EC8B19636B4E002FBD81 /* HBLikesTableViewCell.m in Sources */,
				8BE29AC91965466800502666 /* HBFollowTableViewController.m in Sources */,
			);
			runOnlyForDeploymentPostprocessing = 0;
		};
		949BFAB019423DA6004B94A6 /* Sources */ = {
			isa = PBXSourcesBuildPhase;
			buildActionMask = 2147483647;
			files = (
				949BFABB19423DA6004B94A6 /* HackerBracketTests.m in Sources */,
			);
			runOnlyForDeploymentPostprocessing = 0;
		};
/* End PBXSourcesBuildPhase section */

/* Begin PBXTargetDependency section */
		8BF0EDB6194D34BA00971BCE /* PBXTargetDependency */ = {
			isa = PBXTargetDependency;
			target = 949BFA9D19423DA6004B94A6 /* HackerBracket */;
			targetProxy = 8BF0EDB5194D34BA00971BCE /* PBXContainerItemProxy */;
		};
		8BFB065019635D630003D3F5 /* PBXTargetDependency */ = {
			isa = PBXTargetDependency;
			target = 949BFA9D19423DA6004B94A6 /* HackerBracket */;
			targetProxy = 8BFB064F19635D630003D3F5 /* PBXContainerItemProxy */;
		};
		8BFB065419635D810003D3F5 /* PBXTargetDependency */ = {
			isa = PBXTargetDependency;
			target = 949BFA9D19423DA6004B94A6 /* HackerBracket */;
			targetProxy = 8BFB065319635D810003D3F5 /* PBXContainerItemProxy */;
		};
		949BFAB619423DA6004B94A6 /* PBXTargetDependency */ = {
			isa = PBXTargetDependency;
			target = 949BFA9D19423DA6004B94A6 /* HackerBracket */;
			targetProxy = 949BFAB519423DA6004B94A6 /* PBXContainerItemProxy */;
		};
/* End PBXTargetDependency section */

/* Begin PBXVariantGroup section */
		949BFAAB19423DA6004B94A6 /* Main.storyboard */ = {
			isa = PBXVariantGroup;
			children = (
				949BFAAC19423DA6004B94A6 /* Base */,
			);
			name = Main.storyboard;
			sourceTree = "<group>";
		};
/* End PBXVariantGroup section */

/* Begin XCBuildConfiguration section */
		949BFABC19423DA6004B94A6 /* Debug */ = {
			isa = XCBuildConfiguration;
			buildSettings = {
				ALWAYS_SEARCH_USER_PATHS = NO;
				CLANG_CXX_LANGUAGE_STANDARD = "gnu++0x";
				CLANG_CXX_LIBRARY = "libc++";
				CLANG_ENABLE_MODULES = YES;
				CLANG_ENABLE_OBJC_ARC = YES;
				CLANG_WARN_BOOL_CONVERSION = YES;
				CLANG_WARN_CONSTANT_CONVERSION = YES;
				CLANG_WARN_DIRECT_OBJC_ISA_USAGE = YES_ERROR;
				CLANG_WARN_EMPTY_BODY = YES;
				CLANG_WARN_ENUM_CONVERSION = YES;
				CLANG_WARN_INT_CONVERSION = YES;
				CLANG_WARN_OBJC_ROOT_CLASS = YES_ERROR;
				CLANG_WARN_UNREACHABLE_CODE = YES;
				CLANG_WARN__DUPLICATE_METHOD_MATCH = YES;
				"CODE_SIGN_IDENTITY[sdk=iphoneos*]" = "iPhone Developer";
				COPY_PHASE_STRIP = NO;
				ENABLE_STRICT_OBJC_MSGSEND = YES;
				GCC_C_LANGUAGE_STANDARD = gnu99;
				GCC_DYNAMIC_NO_PIC = NO;
				GCC_OPTIMIZATION_LEVEL = 0;
				GCC_PREPROCESSOR_DEFINITIONS = (
					"DEBUG=1",
					"$(inherited)",
				);
				GCC_SYMBOLS_PRIVATE_EXTERN = NO;
				GCC_WARN_64_TO_32_BIT_CONVERSION = YES;
				GCC_WARN_ABOUT_RETURN_TYPE = YES_ERROR;
				GCC_WARN_UNDECLARED_SELECTOR = YES;
				GCC_WARN_UNINITIALIZED_AUTOS = YES_AGGRESSIVE;
				GCC_WARN_UNUSED_FUNCTION = YES;
				GCC_WARN_UNUSED_VARIABLE = YES;
				IPHONEOS_DEPLOYMENT_TARGET = 6.0;
				METAL_ENABLE_DEBUG_INFO = YES;
				ONLY_ACTIVE_ARCH = YES;
				SDKROOT = iphoneos;
			};
			name = Debug;
		};
		949BFABD19423DA6004B94A6 /* Release */ = {
			isa = XCBuildConfiguration;
			buildSettings = {
				ALWAYS_SEARCH_USER_PATHS = NO;
				CLANG_CXX_LANGUAGE_STANDARD = "gnu++0x";
				CLANG_CXX_LIBRARY = "libc++";
				CLANG_ENABLE_MODULES = YES;
				CLANG_ENABLE_OBJC_ARC = YES;
				CLANG_WARN_BOOL_CONVERSION = YES;
				CLANG_WARN_CONSTANT_CONVERSION = YES;
				CLANG_WARN_DIRECT_OBJC_ISA_USAGE = YES_ERROR;
				CLANG_WARN_EMPTY_BODY = YES;
				CLANG_WARN_ENUM_CONVERSION = YES;
				CLANG_WARN_INT_CONVERSION = YES;
				CLANG_WARN_OBJC_ROOT_CLASS = YES_ERROR;
				CLANG_WARN_UNREACHABLE_CODE = YES;
				CLANG_WARN__DUPLICATE_METHOD_MATCH = YES;
				"CODE_SIGN_IDENTITY[sdk=iphoneos*]" = "iPhone Developer";
				COPY_PHASE_STRIP = YES;
				ENABLE_NS_ASSERTIONS = NO;
				ENABLE_STRICT_OBJC_MSGSEND = YES;
				GCC_C_LANGUAGE_STANDARD = gnu99;
				GCC_WARN_64_TO_32_BIT_CONVERSION = YES;
				GCC_WARN_ABOUT_RETURN_TYPE = YES_ERROR;
				GCC_WARN_UNDECLARED_SELECTOR = YES;
				GCC_WARN_UNINITIALIZED_AUTOS = YES_AGGRESSIVE;
				GCC_WARN_UNUSED_FUNCTION = YES;
				GCC_WARN_UNUSED_VARIABLE = YES;
				IPHONEOS_DEPLOYMENT_TARGET = 6.0;
				METAL_ENABLE_DEBUG_INFO = NO;
				SDKROOT = iphoneos;
				VALIDATE_PRODUCT = YES;
			};
			name = Release;
		};
		949BFABF19423DA6004B94A6 /* Debug */ = {
			isa = XCBuildConfiguration;
			baseConfigurationReference = C70295B083E34E759265CB83 /* Pods.xcconfig */;
			buildSettings = {
				ASSETCATALOG_COMPILER_LAUNCHIMAGE_NAME = LaunchImage;
				CODE_SIGN_IDENTITY = "iPhone Developer";
				"CODE_SIGN_IDENTITY[sdk=iphoneos*]" = "iPhone Developer";
				FRAMEWORK_SEARCH_PATHS = (
					"$(inherited)",
					"$(PROJECT_DIR)/HackerBracket",
				);
				HEADER_SEARCH_PATHS = (
					"$(inherited)",
					"/Applications/Xcode6-Beta.app/Contents/Developer/Toolchains/XcodeDefault.xctoolchain/usr/include",
					"${SDK_DIR}/usr/include/libxml2",
				);
				INFOPLIST_FILE = HackerBracket/Info.plist;
				LD_RUNPATH_SEARCH_PATHS = "$(inherited) @executable_path/Frameworks";
				OTHER_LDFLAGS = "";
				PRODUCT_NAME = "$(TARGET_NAME)";
				PROVISIONING_PROFILE = "";
				TARGETED_DEVICE_FAMILY = 1;
			};
			name = Debug;
		};
		949BFAC019423DA6004B94A6 /* Release */ = {
			isa = XCBuildConfiguration;
			baseConfigurationReference = C70295B083E34E759265CB83 /* Pods.xcconfig */;
			buildSettings = {
				ASSETCATALOG_COMPILER_LAUNCHIMAGE_NAME = LaunchImage;
				CODE_SIGN_IDENTITY = "iPhone Developer";
				"CODE_SIGN_IDENTITY[sdk=iphoneos*]" = "iPhone Developer";
				FRAMEWORK_SEARCH_PATHS = (
					"$(inherited)",
					"$(PROJECT_DIR)/HackerBracket",
				);
				HEADER_SEARCH_PATHS = (
					"$(inherited)",
					"/Applications/Xcode6-Beta.app/Contents/Developer/Toolchains/XcodeDefault.xctoolchain/usr/include",
					"${SDK_DIR}/usr/include/libxml2",
				);
				INFOPLIST_FILE = HackerBracket/Info.plist;
				LD_RUNPATH_SEARCH_PATHS = "$(inherited) @executable_path/Frameworks";
				OTHER_LDFLAGS = "";
				PRODUCT_NAME = "$(TARGET_NAME)";
				PROVISIONING_PROFILE = "";
				TARGETED_DEVICE_FAMILY = 1;
			};
			name = Release;
		};
		949BFAC219423DA6004B94A6 /* Debug */ = {
			isa = XCBuildConfiguration;
			buildSettings = {
				BUNDLE_LOADER = "$(BUILT_PRODUCTS_DIR)/HackerBracket.app/HackerBracket";
				FRAMEWORK_SEARCH_PATHS = (
					"$(SDKROOT)/Developer/Library/Frameworks",
					"$(inherited)",
				);
				GCC_PREPROCESSOR_DEFINITIONS = (
					"DEBUG=1",
					"$(inherited)",
				);
				INFOPLIST_FILE = HackerBracketTests/Info.plist;
				LD_RUNPATH_SEARCH_PATHS = "$(inherited) @executable_path/Frameworks @loader_path/Frameworks";
				METAL_ENABLE_DEBUG_INFO = YES;
				PRODUCT_NAME = "$(TARGET_NAME)";
				TEST_HOST = "$(BUNDLE_LOADER)";
			};
			name = Debug;
		};
		949BFAC319423DA6004B94A6 /* Release */ = {
			isa = XCBuildConfiguration;
			buildSettings = {
				BUNDLE_LOADER = "$(BUILT_PRODUCTS_DIR)/HackerBracket.app/HackerBracket";
				FRAMEWORK_SEARCH_PATHS = (
					"$(SDKROOT)/Developer/Library/Frameworks",
					"$(inherited)",
				);
				INFOPLIST_FILE = HackerBracketTests/Info.plist;
				LD_RUNPATH_SEARCH_PATHS = "$(inherited) @executable_path/Frameworks @loader_path/Frameworks";
				METAL_ENABLE_DEBUG_INFO = NO;
				PRODUCT_NAME = "$(TARGET_NAME)";
				TEST_HOST = "$(BUNDLE_LOADER)";
			};
			name = Release;
		};
/* End XCBuildConfiguration section */

/* Begin XCConfigurationList section */
		949BFA9919423DA6004B94A6 /* Build configuration list for PBXProject "HackerBracket" */ = {
			isa = XCConfigurationList;
			buildConfigurations = (
				949BFABC19423DA6004B94A6 /* Debug */,
				949BFABD19423DA6004B94A6 /* Release */,
			);
			defaultConfigurationIsVisible = 0;
			defaultConfigurationName = Release;
		};
		949BFABE19423DA6004B94A6 /* Build configuration list for PBXNativeTarget "HackerBracket" */ = {
			isa = XCConfigurationList;
			buildConfigurations = (
				949BFABF19423DA6004B94A6 /* Debug */,
				949BFAC019423DA6004B94A6 /* Release */,
			);
			defaultConfigurationIsVisible = 0;
			defaultConfigurationName = Release;
		};
		949BFAC119423DA6004B94A6 /* Build configuration list for PBXNativeTarget "HackerBracketTests" */ = {
			isa = XCConfigurationList;
			buildConfigurations = (
				949BFAC219423DA6004B94A6 /* Debug */,
				949BFAC319423DA6004B94A6 /* Release */,
			);
			defaultConfigurationIsVisible = 0;
			defaultConfigurationName = Release;
		};
/* End XCConfigurationList section */
	};
	rootObject = 949BFA9619423DA6004B94A6 /* Project object */;
}
